
Microsoft Visual Studio Solution File, Format Version 12.00
# Visual Studio Version 17
VisualStudioVersion = 17.10.35013.160
MinimumVisualStudioVersion = 10.0.40219.1
Project("{9A19103F-16F7-4668-BE54-9A1E7A4F7556}") = "Odev_6.Models", "Odev_6.Models\Odev_6.Models.csproj", "{A23318F9-F313-4184-8FD8-0A4458A48B74}"
EndProject
Project("{9A19103F-16F7-4668-BE54-9A1E7A4F7556}") = "Odev_6.Console", "Odev_6.Console\Odev_6.Console.csproj", "{33ED634C-5390-4D57-A956-FE50295B48FA}"
EndProject
Project("{9A19103F-16F7-4668-BE54-9A1E7A4F7556}") = "Odev_6.WFA", "Odev_6.WFA\Odev_6.WFA.csproj", "{1DF0E5EE-A85E-400E-BB4F-D50F906DA877}"
EndProject
Global
	GlobalSection(SolutionConfigurationPlatforms) = preSolution
		Debug|Any CPU = Debug|Any CPU
		Release|Any CPU = Release|Any CPU
	EndGlobalSection
	GlobalSection(ProjectConfigurationPlatforms) = postSolution
		{A23318F9-F313-4184-8FD8-0A4458A48B74}.Debug|Any CPU.ActiveCfg = Debug|Any CPU
		{A23318F9-F313-4184-8FD8-0A4458A48B74}.Debug|Any CPU.Build.0 = Debug|Any CPU
		{A23318F9-F313-4184-8FD8-0A4458A48B74}.Release|Any CPU.ActiveCfg = Release|Any CPU
		{A23318F9-F313-4184-8FD8-0A4458A48B74}.Release|Any CPU.Build.0 = Release|Any CPU
		{33ED634C-5390-4D57-A956-FE50295B48FA}.Debug|Any CPU.ActiveCfg = Debug|Any CPU
		{33ED634C-5390-4D57-A956-FE50295B48FA}.Debug|Any CPU.Build.0 = Debug|Any CPU
		{33ED634C-5390-4D57-A956-FE50295B48FA}.Release|Any CPU.ActiveCfg = Release|Any CPU
		{33ED634C-5390-4D57-A956-FE50295B48FA}.Release|Any CPU.Build.0 = Release|Any CPU
		{1DF0E5EE-A85E-400E-BB4F-D50F906DA877}.Debug|Any CPU.ActiveCfg = Debug|Any CPU
		{1DF0E5EE-A85E-400E-BB4F-D50F906DA877}.Debug|Any CPU.Build.0 = Debug|Any CPU
		{1DF0E5EE-A85E-400E-BB4F-D50F906DA877}.Release|Any CPU.ActiveCfg = Release|Any CPU
		{1DF0E5EE-A85E-400E-BB4F-D50F906DA877}.Release|Any CPU.Build.0 = Release|Any CPU
	EndGlobalSection
	GlobalSection(SolutionProperties) = preSolution
		HideSolutionNode = FALSE
	EndGlobalSection
	GlobalSection(ExtensibilityGlobals) = postSolution
		SolutionGuid = {6DEAA8FF-D527-4C32-B693-8EA48C4195F2}
	EndGlobalSection
EndGlobal
